
Microsoft Visual Studio Solution File, Format Version 12.00
# Visual Studio 15
VisualStudioVersion = 15.0.28307.572
MinimumVisualStudioVersion = 10.0.40219.1
Project("{FAE04EC0-301F-11D3-BF4B-00C04F79EFBC}") = "Src", "Src\Src.csproj", "{7435684C-4AEA-4C7F-8288-5A761EDD541D}"
EndProject
Global
	GlobalSection(SolutionConfigurationPlatforms) = preSolution
		Debug|Any CPU = Debug|Any CPU
		Release|Any CPU = Release|Any CPU
	EndGlobalSection
	GlobalSection(ProjectConfigurationPlatforms) = postSolution
		{7435684C-4AEA-4C7F-8288-5A761EDD541D}.Debug|Any CPU.ActiveCfg = Debug|Any CPU
		{7435684C-4AEA-4C7F-8288-5A761EDD541D}.Debug|Any CPU.Build.0 = Debug|Any CPU
		{7435684C-4AEA-4C7F-8288-5A761EDD541D}.Release|Any CPU.ActiveCfg = Release|Any CPU
		{7435684C-4AEA-4C7F-8288-5A761EDD541D}.Release|Any CPU.Build.0 = Release|Any CPU
	EndGlobalSection
	GlobalSection(SolutionProperties) = preSolution
		HideSolutionNode = FALSE
	EndGlobalSection
	GlobalSection(ExtensibilityGlobals) = postSolution
		SolutionGuid = {20A3BBF1-798A-466D-83F3-CE0CEA3D9FCC}
	EndGlobalSection
EndGlobal
